{
  "name": "clone_database",
  "lockfileVersion": 2,
  "requires": true,
  "packages": {
    "": {
      "dependencies": {
        "serverless-prune-plugin": "^1.4.4"
      }
    },
    "node_modules/bluebird": {
      "version": "3.7.2",
      "resolved": "https://registry.npmjs.org/bluebird/-/bluebird-3.7.2.tgz",
      "integrity": "sha512-XpNj6GDQzdfW+r2Wnn7xiSAd7TM3jzkxGXBGTtWKuSXv1xUV+azxAm8jdWZN06QTQk+2N2XB9jRDkvbmQmcRtg=="
    },
    "node_modules/serverless-prune-plugin": {
      "version": "1.4.4",
      "resolved": "https://registry.npmjs.org/serverless-prune-plugin/-/serverless-prune-plugin-1.4.4.tgz",
      "integrity": "sha512-dHshwNaQPRDNJfUU4hK0NLbvTXjZV/gWaQlIfmKA2OjbWY9n9BB/mFBG7WRQeBJOLIj4AKsoCkVIPo1QbwQ95A==",
      "dependencies": {
        "bluebird": "^3.4.7"
      }
    }
  },
  "dependencies": {
    "bluebird": {
      "version": "3.7.2",
      "resolved": "https://registry.npmjs.org/bluebird/-/bluebird-3.7.2.tgz",
      "integrity": "sha512-XpNj6GDQzdfW+r2Wnn7xiSAd7TM3jzkxGXBGTtWKuSXv1xUV+azxAm8jdWZN06QTQk+2N2XB9jRDkvbmQmcRtg=="
    },
    "serverless-prune-plugin": {
      "version": "1.4.4",
      "resolved": "https://registry.npmjs.org/serverless-prune-plugin/-/serverless-prune-plugin-1.4.4.tgz",
      "integrity": "sha512-dHshwNaQPRDNJfUU4hK0NLbvTXjZV/gWaQlIfmKA2OjbWY9n9BB/mFBG7WRQeBJOLIj4AKsoCkVIPo1QbwQ95A==",
      "requires": {
        "bluebird": "^3.4.7"
      }
    }
  }
}
